
Microsoft Visual Studio Solution File, Format Version 12.00
# Visual Studio Version 17
VisualStudioVersion = 17.5.002.0
MinimumVisualStudioVersion = 10.0.40219.1
Project("{9A19103F-16F7-4668-BE54-9A1E7A4F7556}") = "VirtualizationBinding", "VirtualizationBinding.csproj", "{B4BCB16B-9AEB-4D66-A9DB-9A2089D1C6E1}"
EndProject
Global
	GlobalSection(SolutionConfigurationPlatforms) = preSolution
		Debug|Any CPU = Debug|Any CPU
		Release|Any CPU = Release|Any CPU
	EndGlobalSection
	GlobalSection(ProjectConfigurationPlatforms) = postSolution
		{B4BCB16B-9AEB-4D66-A9DB-9A2089D1C6E1}.Debug|Any CPU.ActiveCfg = Debug|Any CPU
		{B4BCB16B-9AEB-4D66-A9DB-9A2089D1C6E1}.Debug|Any CPU.Build.0 = Debug|Any CPU
		{B4BCB16B-9AEB-4D66-A9DB-9A2089D1C6E1}.Release|Any CPU.ActiveCfg = Release|Any CPU
		{B4BCB16B-9AEB-4D66-A9DB-9A2089D1C6E1}.Release|Any CPU.Build.0 = Release|Any CPU
	EndGlobalSection
	GlobalSection(SolutionProperties) = preSolution
		HideSolutionNode = FALSE
	EndGlobalSection
	GlobalSection(ExtensibilityGlobals) = postSolution
		SolutionGuid = {7F0BBCC6-659D-4C98-9C4B-8813FB39786A}
	EndGlobalSection
EndGlobal
